
Microsoft Visual Studio Solution File, Format Version 12.00
# Visual Studio Version 17
VisualStudioVersion = 17.10.34928.147
MinimumVisualStudioVersion = 10.0.40219.1
Project("{8BC9CEB8-8B4A-11D0-8D11-00A0C91BC942}") = "HW5", "HW5.vcxproj", "{265D730E-FC64-44E0-AD81-DE52B5DF1C60}"
EndProject
Global
	GlobalSection(SolutionConfigurationPlatforms) = preSolution
		Debug|x64 = Debug|x64
		Debug|x86 = Debug|x86
		Release|x64 = Release|x64
		Release|x86 = Release|x86
	EndGlobalSection
	GlobalSection(ProjectConfigurationPlatforms) = postSolution
		{265D730E-FC64-44E0-AD81-DE52B5DF1C60}.Debug|x64.ActiveCfg = Debug|x64
		{265D730E-FC64-44E0-AD81-DE52B5DF1C60}.Debug|x64.Build.0 = Debug|x64
		{265D730E-FC64-44E0-AD81-DE52B5DF1C60}.Debug|x86.ActiveCfg = Debug|Win32
		{265D730E-FC64-44E0-AD81-DE52B5DF1C60}.Debug|x86.Build.0 = Debug|Win32
		{265D730E-FC64-44E0-AD81-DE52B5DF1C60}.Release|x64.ActiveCfg = Release|x64
		{265D730E-FC64-44E0-AD81-DE52B5DF1C60}.Release|x64.Build.0 = Release|x64
		{265D730E-FC64-44E0-AD81-DE52B5DF1C60}.Release|x86.ActiveCfg = Release|Win32
		{265D730E-FC64-44E0-AD81-DE52B5DF1C60}.Release|x86.Build.0 = Release|Win32
	EndGlobalSection
	GlobalSection(SolutionProperties) = preSolution
		HideSolutionNode = FALSE
	EndGlobalSection
	GlobalSection(ExtensibilityGlobals) = postSolution
		SolutionGuid = {EC041FED-DF09-4102-82AC-936916B920E9}
	EndGlobalSection
EndGlobal
